
Microsoft Visual Studio Solution File, Format Version 12.00
# Visual Studio Version 16
VisualStudioVersion = 16.0.810.3
MinimumVisualStudioVersion = 10.0.40219.1
Project("{FAE04EC0-301F-11D3-BF4B-00C04F79EFBC}") = "test.Net", "test.Net\test.Net.csproj", "{1E8D2A09-203E-4498-89FE-E1DBE465FE9C}"
EndProject
Global
	GlobalSection(SolutionConfigurationPlatforms) = preSolution
		Debug|Any CPU = Debug|Any CPU
		Release|Any CPU = Release|Any CPU
	EndGlobalSection
	GlobalSection(ProjectConfigurationPlatforms) = postSolution
		{1E8D2A09-203E-4498-89FE-E1DBE465FE9C}.Debug|Any CPU.ActiveCfg = Debug|Any CPU
		{1E8D2A09-203E-4498-89FE-E1DBE465FE9C}.Debug|Any CPU.Build.0 = Debug|Any CPU
		{1E8D2A09-203E-4498-89FE-E1DBE465FE9C}.Release|Any CPU.ActiveCfg = Release|Any CPU
		{1E8D2A09-203E-4498-89FE-E1DBE465FE9C}.Release|Any CPU.Build.0 = Release|Any CPU
	EndGlobalSection
	GlobalSection(SolutionProperties) = preSolution
		HideSolutionNode = FALSE
	EndGlobalSection
	GlobalSection(ExtensibilityGlobals) = postSolution
		SolutionGuid = {A6062E33-12B1-4F33-9254-3D54B581577A}
	EndGlobalSection
EndGlobal
